{
  "version": 1,
  "dependencies": {
    "net6.0-windows7.0": {
      "NaturalSort.Extension": {
        "type": "Direct",
        "requested": "[3.2.0, )",
        "resolved": "3.2.0",
        "contentHash": "E6DE1xnwGYIwvxMeqW/TwJ882q+NL+TBJtW1x+u5u77HMCupL9qBQUkQikFcZYH0oSBr47qLpC/UYx4atTLdQA=="
      },
      "SerialQueue": {
        "type": "Direct",
        "requested": "[2.1.0, )",
        "resolved": "2.1.0",
        "contentHash": "rmQcrFXgcrqT9M6+xdxAK/JWx1vFuCRT8fTdce4ALdze2/8N5yMRW9Vmkresw+JpL+JC8zuC1HfDkrfVgBUIqA=="
      },
      "System.Reactive": {
        "type": "Direct",
        "requested": "[5.0.0, )",
        "resolved": "5.0.0",
        "contentHash": "erBZjkQHWL9jpasCE/0qKAryzVBJFxGHVBAvgRN1bzM0q2s1S4oYREEEL0Vb+1kA/6BKb5FjUZMp5VXmy+gzkQ=="
      },
      "luminasupplemental.excel": {
        "type": "Project"
      }
    }
  }
}